
Microsoft Visual Studio Solution File, Format Version 12.00
# Visual Studio 15
VisualStudioVersion = 15.0.28307.421
MinimumVisualStudioVersion = 10.0.40219.1
Project("{FAE04EC0-301F-11D3-BF4B-00C04F79EFBC}") = "MTD.SDV.ZoomKey", "MTD.SDV.ZoomKey\MTD.SDV.ZoomKey.csproj", "{7439DCB1-0A16-433B-9D92-0A8B49A4E15D}"
EndProject
Global
	GlobalSection(SolutionConfigurationPlatforms) = preSolution
		Debug|Any CPU = Debug|Any CPU
		Release|Any CPU = Release|Any CPU
	EndGlobalSection
	GlobalSection(ProjectConfigurationPlatforms) = postSolution
		{7439DCB1-0A16-433B-9D92-0A8B49A4E15D}.Debug|Any CPU.ActiveCfg = Debug|Any CPU
		{7439DCB1-0A16-433B-9D92-0A8B49A4E15D}.Debug|Any CPU.Build.0 = Debug|Any CPU
		{7439DCB1-0A16-433B-9D92-0A8B49A4E15D}.Release|Any CPU.ActiveCfg = Release|Any CPU
		{7439DCB1-0A16-433B-9D92-0A8B49A4E15D}.Release|Any CPU.Build.0 = Release|Any CPU
	EndGlobalSection
	GlobalSection(SolutionProperties) = preSolution
		HideSolutionNode = FALSE
	EndGlobalSection
	GlobalSection(ExtensibilityGlobals) = postSolution
		SolutionGuid = {38A6F7A6-FF1F-473E-BAB9-925728A24A95}
	EndGlobalSection
EndGlobal
